
Microsoft Visual Studio Solution File, Format Version 12.00
# Visual Studio Version 17
VisualStudioVersion = 17.3.32929.385
MinimumVisualStudioVersion = 10.0.40219.1
Project("{FAE04EC0-301F-11D3-BF4B-00C04F79EFBC}") = "GAF_wersja_6", "GAF_wersja_6\GAF_wersja_6.csproj", "{D0559FDE-8DF2-4CD3-B4AC-F6405BF96FCF}"
EndProject
Global
	GlobalSection(SolutionConfigurationPlatforms) = preSolution
		Debug|Any CPU = Debug|Any CPU
		Release|Any CPU = Release|Any CPU
	EndGlobalSection
	GlobalSection(ProjectConfigurationPlatforms) = postSolution
		{D0559FDE-8DF2-4CD3-B4AC-F6405BF96FCF}.Debug|Any CPU.ActiveCfg = Debug|Any CPU
		{D0559FDE-8DF2-4CD3-B4AC-F6405BF96FCF}.Debug|Any CPU.Build.0 = Debug|Any CPU
		{D0559FDE-8DF2-4CD3-B4AC-F6405BF96FCF}.Release|Any CPU.ActiveCfg = Release|Any CPU
		{D0559FDE-8DF2-4CD3-B4AC-F6405BF96FCF}.Release|Any CPU.Build.0 = Release|Any CPU
	EndGlobalSection
	GlobalSection(SolutionProperties) = preSolution
		HideSolutionNode = FALSE
	EndGlobalSection
	GlobalSection(ExtensibilityGlobals) = postSolution
		SolutionGuid = {3C625B8C-4665-4D8E-867F-8E2617B0C67E}
	EndGlobalSection
EndGlobal
